
Microsoft Visual Studio Solution File, Format Version 12.00
# Visual Studio Version 17
VisualStudioVersion = 17.14.36518.9 d17.14
MinimumVisualStudioVersion = 10.0.40219.1
Project("{FAE04EC0-301F-11D3-BF4B-00C04F79EFBC}") = "StreamDeckCS2DMX", "StreamDeckCS2DMX.csproj", "{5D7265A7-6346-4E21-988D-A2BC05B2ED21}"
EndProject
Global
	GlobalSection(SolutionConfigurationPlatforms) = preSolution
		Debug|Any CPU = Debug|Any CPU
		Release|Any CPU = Release|Any CPU
	EndGlobalSection
	GlobalSection(ProjectConfigurationPlatforms) = postSolution
		{5D7265A7-6346-4E21-988D-A2BC05B2ED21}.Debug|Any CPU.ActiveCfg = Debug|Any CPU
		{5D7265A7-6346-4E21-988D-A2BC05B2ED21}.Debug|Any CPU.Build.0 = Debug|Any CPU
		{5D7265A7-6346-4E21-988D-A2BC05B2ED21}.Release|Any CPU.ActiveCfg = Release|Any CPU
		{5D7265A7-6346-4E21-988D-A2BC05B2ED21}.Release|Any CPU.Build.0 = Release|Any CPU
	EndGlobalSection
	GlobalSection(SolutionProperties) = preSolution
		HideSolutionNode = FALSE
	EndGlobalSection
	GlobalSection(ExtensibilityGlobals) = postSolution
		SolutionGuid = {269E1AC4-FD94-43DB-BD9E-1DEFFA3DBF55}
	EndGlobalSection
EndGlobal
